// !$*UTF8*$!
{
	archiveVersion = 1;
	classes = {
	};
	objectVersion = 46;
	objects = {

/* Begin PBXBuildFile section */
		BA0DA29D1E01291A00546CE8 /* AppDelegate.swift in Sources */ = {isa = PBXBuildFile; fileRef = BA0DA29C1E01291A00546CE8 /* AppDelegate.swift */; };
		BA0DA29F1E01291A00546CE8 /* ViewController.swift in Sources */ = {isa = PBXBuildFile; fileRef = BA0DA29E1E01291A00546CE8 /* ViewController.swift */; };
		BA0DA2A21E01291A00546CE8 /* Main.storyboard in Resources */ = {isa = PBXBuildFile; fileRef = BA0DA2A01E01291A00546CE8 /* Main.storyboard */; };
		BA0DA2A41E01291A00546CE8 /* Assets.xcassets in Resources */ = {isa = PBXBuildFile; fileRef = BA0DA2A31E01291A00546CE8 /* Assets.xcassets */; };
		BA0DA2A71E01291A00546CE8 /* LaunchScreen.storyboard in Resources */ = {isa = PBXBuildFile; fileRef = BA0DA2A51E01291A00546CE8 /* LaunchScreen.storyboard */; };
		BA0DA2B21E01291A00546CE8 /* FlikrTests.swift in Sources */ = {isa = PBXBuildFile; fileRef = BA0DA2B11E01291A00546CE8 /* FlikrTests.swift */; };
		BA0DA2BD1E01291A00546CE8 /* FlikrUITests.swift in Sources */ = {isa = PBXBuildFile; fileRef = BA0DA2BC1E01291A00546CE8 /* FlikrUITests.swift */; };
/* End PBXBuildFile section */

/* Begin PBXContainerItemProxy section */
		BA0DA2AE1E01291A00546CE8 /* PBXContainerItemProxy */ = {
			isa = PBXContainerItemProxy;
			containerPortal = BA0DA2911E01291900546CE8 /* Project object */;
			proxyType = 1;
			remoteGlobalIDString = BA0DA2981E01291900546CE8;
			remoteInfo = Flikr;
		};
		BA0DA2B91E01291A00546CE8 /* PBXContainerItemProxy */ = {
			isa = PBXContainerItemProxy;
			containerPortal = BA0DA2911E01291900546CE8 /* Project object */;
			proxyType = 1;
			remoteGlobalIDString = BA0DA2981E01291900546CE8;
			remoteInfo = Flikr;
		};
/* End PBXContainerItemProxy section */

/* Begin PBXFileReference section */
		BA0DA2991E01291A00546CE8 /* Flikr.app */ = {isa = PBXFileReference; explicitFileType = wrapper.application; includeInIndex = 0; path = Flikr.app; sourceTree = BUILT_PRODUCTS_DIR; };
		BA0DA29C1E01291A00546CE8 /* AppDelegate.swift */ = {isa = PBXFileReference; lastKnownFileType = sourcecode.swift; path = AppDelegate.swift; sourceTree = "<group>"; };
		BA0DA29E1E01291A00546CE8 /* ViewController.swift */ = {isa = PBXFileReference; lastKnownFileType = sourcecode.swift; path = ViewController.swift; sourceTree = "<group>"; };
		BA0DA2A11E01291A00546CE8 /* Base */ = {isa = PBXFileReference; lastKnownFileType = file.storyboard; name = Base; path = Base.lproj/Main.storyboard; sourceTree = "<group>"; };
		BA0DA2A31E01291A00546CE8 /* Assets.xcassets */ = {isa = PBXFileReference; lastKnownFileType = folder.assetcatalog; path = Assets.xcassets; sourceTree = "<group>"; };
		BA0DA2A61E01291A00546CE8 /* Base */ = {isa = PBXFileReference; lastKnownFileType = file.storyboard; name = Base; path = Base.lproj/LaunchScreen.storyboard; sourceTree = "<group>"; };
		BA0DA2A81E01291A00546CE8 /* Info.plist */ = {isa = PBXFileReference; lastKnownFileType = text.plist.xml; path = Info.plist; sourceTree = "<group>"; };
		BA0DA2AD1E01291A00546CE8 /* FlikrTests.xctest */ = {isa = PBXFileReference; explicitFileType = wrapper.cfbundle; includeInIndex = 0; path = FlikrTests.xctest; sourceTree = BUILT_PRODUCTS_DIR; };
		BA0DA2B11E01291A00546CE8 /* FlikrTests.swift */ = {isa = PBXFileReference; lastKnownFileType = sourcecode.swift; path = FlikrTests.swift; sourceTree = "<group>"; };
		BA0DA2B31E01291A00546CE8 /* Info.plist */ = {isa = PBXFileReference; lastKnownFileType = text.plist.xml; path = Info.plist; sourceTree = "<group>"; };
		BA0DA2B81E01291A00546CE8 /* FlikrUITests.xctest */ = {isa = PBXFileReference; explicitFileType = wrapper.cfbundle; includeInIndex = 0; path = FlikrUITests.xctest; sourceTree = BUILT_PRODUCTS_DIR; };
		BA0DA2BC1E01291A00546CE8 /* FlikrUITests.swift */ = {isa = PBXFileReference; lastKnownFileType = sourcecode.swift; path = FlikrUITests.swift; sourceTree = "<group>"; };
		BA0DA2BE1E01291A00546CE8 /* Info.plist */ = {isa = PBXFileReference; lastKnownFileType = text.plist.xml; path = Info.plist; sourceTree = "<group>"; };
/* End PBXFileReference section */

/* Begin PBXFrameworksBuildPhase section */
		BA0DA2961E01291900546CE8 /* Frameworks */ = {
			isa = PBXFrameworksBuildPhase;
			buildActionMask = 2147483647;
			files = (
			);
			runOnlyForDeploymentPostprocessing = 0;
		};
		BA0DA2AA1E01291A00546CE8 /* Frameworks */ = {
			isa = PBXFrameworksBuildPhase;
			buildActionMask = 2147483647;
			files = (
			);
			runOnlyForDeploymentPostprocessing = 0;
		};
		BA0DA2B51E01291A00546CE8 /* Frameworks */ = {
			isa = PBXFrameworksBuildPhase;
			buildActionMask = 2147483647;
			files = (
			);
			runOnlyForDeploymentPostprocessing = 0;
		};
/* End PBXFrameworksBuildPhase section */

/* Begin PBXGroup section */
		BA0DA2901E01291900546CE8 = {
			isa = PBXGroup;
			children = (
				BA0DA29B1E01291A00546CE8 /* Flikr */,
				BA0DA2B01E01291A00546CE8 /* FlikrTests */,
				BA0DA2BB1E01291A00546CE8 /* FlikrUITests */,
				BA0DA29A1E01291A00546CE8 /* Products */,
			);
			sourceTree = "<group>";
		};
		BA0DA29A1E01291A00546CE8 /* Products */ = {
			isa = PBXGroup;
			children = (
				BA0DA2991E01291A00546CE8 /* Flikr.app */,
				BA0DA2AD1E01291A00546CE8 /* FlikrTests.xctest */,
				BA0DA2B81E01291A00546CE8 /* FlikrUITests.xctest */,
			);
			name = Products;
			sourceTree = "<group>";
		};
		BA0DA29B1E01291A00546CE8 /* Flikr */ = {
			isa = PBXGroup;
			children = (
				BA0DA29C1E01291A00546CE8 /* AppDelegate.swift */,
				BA0DA29E1E01291A00546CE8 /* ViewController.swift */,
				BA0DA2A01E01291A00546CE8 /* Main.storyboard */,
				BA0DA2A31E01291A00546CE8 /* Assets.xcassets */,
				BA0DA2A51E01291A00546CE8 /* LaunchScreen.storyboard */,
				BA0DA2A81E01291A00546CE8 /* Info.plist */,
			);
			path = Flikr;
			sourceTree = "<group>";
		};
		BA0DA2B01E01291A00546CE8 /* FlikrTests */ = {
			isa = PBXGroup;
			children = (
				BA0DA2B11E01291A00546CE8 /* FlikrTests.swift */,
				BA0DA2B31E01291A00546CE8 /* Info.plist */,
			);
			path = FlikrTests;
			sourceTree = "<group>";
		};
		BA0DA2BB1E01291A00546CE8 /* FlikrUITests */ = {
			isa = PBXGroup;
			children = (
				BA0DA2BC1E01291A00546CE8 /* FlikrUITests.swift */,
				BA0DA2BE1E01291A00546CE8 /* Info.plist */,
			);
			path = FlikrUITests;
			sourceTree = "<group>";
		};
/* End PBXGroup section */

/* Begin PBXNativeTarget section */
		BA0DA2981E01291900546CE8 /* Flikr */ = {
			isa = PBXNativeTarget;
			buildConfigurationList = BA0DA2C11E01291A00546CE8 /* Build configuration list for PBXNativeTarget "Flikr" */;
			buildPhases = (
				BA0DA2951E01291900546CE8 /* Sources */,
				BA0DA2961E01291900546CE8 /* Frameworks */,
				BA0DA2971E01291900546CE8 /* Resources */,
			);
			buildRules = (
			);
			dependencies = (
			);
			name = Flikr;
			productName = Flikr;
			productReference = BA0DA2991E01291A00546CE8 /* Flikr.app */;
			productType = "com.apple.product-type.application";
		};
		BA0DA2AC1E01291A00546CE8 /* FlikrTests */ = {
			isa = PBXNativeTarget;
			buildConfigurationList = BA0DA2C41E01291A00546CE8 /* Build configuration list for PBXNativeTarget "FlikrTests" */;
			buildPhases = (
				BA0DA2A91E01291A00546CE8 /* Sources */,
				BA0DA2AA1E01291A00546CE8 /* Frameworks */,
				BA0DA2AB1E01291A00546CE8 /* Resources */,
			);
			buildRules = (
			);
			dependencies = (
				BA0DA2AF1E01291A00546CE8 /* PBXTargetDependency */,
			);
			name = FlikrTests;
			productName = FlikrTests;
			productReference = BA0DA2AD1E01291A00546CE8 /* FlikrTests.xctest */;
			productType = "com.apple.product-type.bundle.unit-test";
		};
		BA0DA2B71E01291A00546CE8 /* FlikrUITests */ = {
			isa = PBXNativeTarget;
			buildConfigurationList = BA0DA2C71E01291A00546CE8 /* Build configuration list for PBXNativeTarget "FlikrUITests" */;
			buildPhases = (
				BA0DA2B41E01291A00546CE8 /* Sources */,
				BA0DA2B51E01291A00546CE8 /* Frameworks */,
				BA0DA2B61E01291A00546CE8 /* Resources */,
			);
			buildRules = (
			);
			dependencies = (
				BA0DA2BA1E01291A00546CE8 /* PBXTargetDependency */,
			);
			name = FlikrUITests;
			productName = FlikrUITests;
			productReference = BA0DA2B81E01291A00546CE8 /* FlikrUITests.xctest */;
			productType = "com.apple.product-type.bundle.ui-testing";
		};
/* End PBXNativeTarget section */

/* Begin PBXProject section */
		BA0DA2911E01291900546CE8 /* Project object */ = {
			isa = PBXProject;
			attributes = {
				LastSwiftUpdateCheck = 0810;
				LastUpgradeCheck = 0810;
				ORGANIZATIONNAME = "Garima Dhakal";
				TargetAttributes = {
					BA0DA2981E01291900546CE8 = {
						CreatedOnToolsVersion = 8.1;
						DevelopmentTeam = 68XNCB6KYT;
						ProvisioningStyle = Automatic;
					};
					BA0DA2AC1E01291A00546CE8 = {
						CreatedOnToolsVersion = 8.1;
						DevelopmentTeam = 68XNCB6KYT;
						ProvisioningStyle = Automatic;
						TestTargetID = BA0DA2981E01291900546CE8;
					};
					BA0DA2B71E01291A00546CE8 = {
						CreatedOnToolsVersion = 8.1;
						DevelopmentTeam = 68XNCB6KYT;
						ProvisioningStyle = Automatic;
						TestTargetID = BA0DA2981E01291900546CE8;
					};
				};
			};
			buildConfigurationList = BA0DA2941E01291900546CE8 /* Build configuration list for PBXProject "Flikr" */;
			compatibilityVersion = "Xcode 3.2";
			developmentRegion = English;
			hasScannedForEncodings = 0;
			knownRegions = (
				en,
				Base,
			);
			mainGroup = BA0DA2901E01291900546CE8;
			productRefGroup = BA0DA29A1E01291A00546CE8 /* Products */;
			projectDirPath = "";
			projectRoot = "";
			targets = (
				BA0DA2981E01291900546CE8 /* Flikr */,
				BA0DA2AC1E01291A00546CE8 /* FlikrTests */,
				BA0DA2B71E01291A00546CE8 /* FlikrUITests */,
			);
		};
/* End PBXProject section */

/* Begin PBXResourcesBuildPhase section */
		BA0DA2971E01291900546CE8 /* Resources */ = {
			isa = PBXResourcesBuildPhase;
			buildActionMask = 2147483647;
			files = (
				BA0DA2A71E01291A00546CE8 /* LaunchScreen.storyboard in Resources */,
				BA0DA2A41E01291A00546CE8 /* Assets.xcassets in Resources */,
				BA0DA2A21E01291A00546CE8 /* Main.storyboard in Resources */,
			);
			runOnlyForDeploymentPostprocessing = 0;
		};
		BA0DA2AB1E01291A00546CE8 /* Resources */ = {
			isa = PBXResourcesBuildPhase;
			buildActionMask = 2147483647;
			files = (
			);
			runOnlyForDeploymentPostprocessing = 0;
		};
		BA0DA2B61E01291A00546CE8 /* Resources */ = {
			isa = PBXResourcesBuildPhase;
			buildActionMask = 2147483647;
			files = (
			);
			runOnlyForDeploymentPostprocessing = 0;
		};
/* End PBXResourcesBuildPhase section */

/* Begin PBXSourcesBuildPhase section */
		BA0DA2951E01291900546CE8 /* Sources */ = {
			isa = PBXSourcesBuildPhase;
			buildActionMask = 2147483647;
			files = (
				BA0DA29F1E01291A00546CE8 /* ViewController.swift in Sources */,
				BA0DA29D1E01291A00546CE8 /* AppDelegate.swift in Sources */,
			);
			runOnlyForDeploymentPostprocessing = 0;
		};
		BA0DA2A91E01291A00546CE8 /* Sources */ = {
			isa = PBXSourcesBuildPhase;
			buildActionMask = 2147483647;
			files = (
				BA0DA2B21E01291A00546CE8 /* FlikrTests.swift in Sources */,
			);
			runOnlyForDeploymentPostprocessing = 0;
		};
		BA0DA2B41E01291A00546CE8 /* Sources */ = {
			isa = PBXSourcesBuildPhase;
			buildActionMask = 2147483647;
			files = (
				BA0DA2BD1E01291A00546CE8 /* FlikrUITests.swift in Sources */,
			);
			runOnlyForDeploymentPostprocessing = 0;
		};
/* End PBXSourcesBuildPhase section */

/* Begin PBXTargetDependency section */
		BA0DA2AF1E01291A00546CE8 /* PBXTargetDependency */ = {
			isa = PBXTargetDependency;
			target = BA0DA2981E01291900546CE8 /* Flikr */;
			targetProxy = BA0DA2AE1E01291A00546CE8 /* PBXContainerItemProxy */;
		};
		BA0DA2BA1E01291A00546CE8 /* PBXTargetDependency */ = {
			isa = PBXTargetDependency;
			target = BA0DA2981E01291900546CE8 /* Flikr */;
			targetProxy = BA0DA2B91E01291A00546CE8 /* PBXContainerItemProxy */;
		};
/* End PBXTargetDependency section */

/* Begin PBXVariantGroup section */
		BA0DA2A01E01291A00546CE8 /* Main.storyboard */ = {
			isa = PBXVariantGroup;
			children = (
				BA0DA2A11E01291A00546CE8 /* Base */,
			);
			name = Main.storyboard;
			sourceTree = "<group>";
		};
		BA0DA2A51E01291A00546CE8 /* LaunchScreen.storyboard */ = {
			isa = PBXVariantGroup;
			children = (
				BA0DA2A61E01291A00546CE8 /* Base */,
			);
			name = LaunchScreen.storyboard;
			sourceTree = "<group>";
		};
/* End PBXVariantGroup section */

/* Begin XCBuildConfiguration section */
		BA0DA2BF1E01291A00546CE8 /* Debug */ = {
			isa = XCBuildConfiguration;
			buildSettings = {
				ALWAYS_SEARCH_USER_PATHS = NO;
				CLANG_ANALYZER_NONNULL = YES;
				CLANG_CXX_LANGUAGE_STANDARD = "gnu++0x";
				CLANG_CXX_LIBRARY = "libc++";
				CLANG_ENABLE_MODULES = YES;
				CLANG_ENABLE_OBJC_ARC = YES;
				CLANG_WARN_BOOL_CONVERSION = YES;
				CLANG_WARN_CONSTANT_CONVERSION = YES;
				CLANG_WARN_DIRECT_OBJC_ISA_USAGE = YES_ERROR;
				CLANG_WARN_DOCUMENTATION_COMMENTS = YES;
				CLANG_WARN_EMPTY_BODY = YES;
				CLANG_WARN_ENUM_CONVERSION = YES;
				CLANG_WARN_INFINITE_RECURSION = YES;
				CLANG_WARN_INT_CONVERSION = YES;
				CLANG_WARN_OBJC_ROOT_CLASS = YES_ERROR;
				CLANG_WARN_SUSPICIOUS_MOVES = YES;
				CLANG_WARN_UNREACHABLE_CODE = YES;
				CLANG_WARN__DUPLICATE_METHOD_MATCH = YES;
				"CODE_SIGN_IDENTITY[sdk=iphoneos*]" = "iPhone Developer";
				COPY_PHASE_STRIP = NO;
				DEBUG_INFORMATION_FORMAT = dwarf;
				ENABLE_STRICT_OBJC_MSGSEND = YES;
				ENABLE_TESTABILITY = YES;
				GCC_C_LANGUAGE_STANDARD = gnu99;
				GCC_DYNAMIC_NO_PIC = NO;
				GCC_NO_COMMON_BLOCKS = YES;
				GCC_OPTIMIZATION_LEVEL = 0;
				GCC_PREPROCESSOR_DEFINITIONS = (
					"DEBUG=1",
					"$(inherited)",
				);
				GCC_WARN_64_TO_32_BIT_CONVERSION = YES;
				GCC_WARN_ABOUT_RETURN_TYPE = YES_ERROR;
				GCC_WARN_UNDECLARED_SELECTOR = YES;
				GCC_WARN_UNINITIALIZED_AUTOS = YES_AGGRESSIVE;
				GCC_WARN_UNUSED_FUNCTION = YES;
				GCC_WARN_UNUSED_VARIABLE = YES;
				IPHONEOS_DEPLOYMENT_TARGET = 10.1;
				MTL_ENABLE_DEBUG_INFO = YES;
				ONLY_ACTIVE_ARCH = YES;
				SDKROOT = iphoneos;
				SWIFT_ACTIVE_COMPILATION_CONDITIONS = DEBUG;
				SWIFT_OPTIMIZATION_LEVEL = "-Onone";
			};
			name = Debug;
		};
		BA0DA2C01E01291A00546CE8 /* Release */ = {
			isa = XCBuildConfiguration;
			buildSettings = {
				ALWAYS_SEARCH_USER_PATHS = NO;
				CLANG_ANALYZER_NONNULL = YES;
				CLANG_CXX_LANGUAGE_STANDARD = "gnu++0x";
				CLANG_CXX_LIBRARY = "libc++";
				CLANG_ENABLE_MODULES = YES;
				CLANG_ENABLE_OBJC_ARC = YES;
				CLANG_WARN_BOOL_CONVERSION = YES;
				CLANG_WARN_CONSTANT_CONVERSION = YES;
				CLANG_WARN_DIRECT_OBJC_ISA_USAGE = YES_ERROR;
				CLANG_WARN_DOCUMENTATION_COMMENTS = YES;
				CLANG_WARN_EMPTY_BODY = YES;
				CLANG_WARN_ENUM_CONVERSION = YES;
				CLANG_WARN_INFINITE_RECURSION = YES;
				CLANG_WARN_INT_CONVERSION = YES;
				CLANG_WARN_OBJC_ROOT_CLASS = YES_ERROR;
				CLANG_WARN_SUSPICIOUS_MOVES = YES;
				CLANG_WARN_UNREACHABLE_CODE = YES;
				CLANG_WARN__DUPLICATE_METHOD_MATCH = YES;
				"CODE_SIGN_IDENTITY[sdk=iphoneos*]" = "iPhone Developer";
				COPY_PHASE_STRIP = NO;
				DEBUG_INFORMATION_FORMAT = "dwarf-with-dsym";
				ENABLE_NS_ASSERTIONS = NO;
				ENABLE_STRICT_OBJC_MSGSEND = YES;
				GCC_C_LANGUAGE_STANDARD = gnu99;
				GCC_NO_COMMON_BLOCKS = YES;
				GCC_WARN_64_TO_32_BIT_CONVERSION = YES;
				GCC_WARN_ABOUT_RETURN_TYPE = YES_ERROR;
				GCC_WARN_UNDECLARED_SELECTOR = YES;
				GCC_WARN_UNINITIALIZED_AUTOS = YES_AGGRESSIVE;
				GCC_WARN_UNUSED_FUNCTION = YES;
				GCC_WARN_UNUSED_VARIABLE = YES;
				IPHONEOS_DEPLOYMENT_TARGET = 10.1;
				MTL_ENABLE_DEBUG_INFO = NO;
				SDKROOT = iphoneos;
				SWIFT_OPTIMIZATION_LEVEL = "-Owholemodule";
				VALIDATE_PRODUCT = YES;
			};
			name = Release;
		};
		BA0DA2C21E01291A00546CE8 /* Debug */ = {
			isa = XCBuildConfiguration;
			buildSettings = {
				ASSETCATALOG_COMPILER_APPICON_NAME = AppIcon;
				DEVELOPMENT_TEAM = 68XNCB6KYT;
				INFOPLIST_FILE = Flikr/Info.plist;
				LD_RUNPATH_SEARCH_PATHS = "$(inherited) @executable_path/Frameworks";
				PRODUCT_BUNDLE_IDENTIFIER = GarimaDhakal.Flikr;
				PRODUCT_NAME = "$(TARGET_NAME)";
				SWIFT_VERSION = 3.0;
			};
			name = Debug;
		};
		BA0DA2C31E01291A00546CE8 /* Release */ = {
			isa = XCBuildConfiguration;
			buildSettings = {
				ASSETCATALOG_COMPILER_APPICON_NAME = AppIcon;
				DEVELOPMENT_TEAM = 68XNCB6KYT;
				INFOPLIST_FILE = Flikr/Info.plist;
				LD_RUNPATH_SEARCH_PATHS = "$(inherited) @executable_path/Frameworks";
				PRODUCT_BUNDLE_IDENTIFIER = GarimaDhakal.Flikr;
				PRODUCT_NAME = "$(TARGET_NAME)";
				SWIFT_VERSION = 3.0;
			};
			name = Release;
		};
		BA0DA2C51E01291A00546CE8 /* Debug */ = {
			isa = XCBuildConfiguration;
			buildSettings = {
				ALWAYS_EMBED_SWIFT_STANDARD_LIBRARIES = YES;
				BUNDLE_LOADER = "$(TEST_HOST)";
				DEVELOPMENT_TEAM = 68XNCB6KYT;
				INFOPLIST_FILE = FlikrTests/Info.plist;
				LD_RUNPATH_SEARCH_PATHS = "$(inherited) @executable_path/Frameworks @loader_path/Frameworks";
				PRODUCT_BUNDLE_IDENTIFIER = GarimaDhakal.FlikrTests;
				PRODUCT_NAME = "$(TARGET_NAME)";
				SWIFT_VERSION = 3.0;
				TEST_HOST = "$(BUILT_PRODUCTS_DIR)/Flikr.app/Flikr";
			};
			name = Debug;
		};
		BA0DA2C61E01291A00546CE8 /* Release */ = {
			isa = XCBuildConfiguration;
			buildSettings = {
				ALWAYS_EMBED_SWIFT_STANDARD_LIBRARIES = YES;
				BUNDLE_LOADER = "$(TEST_HOST)";
				DEVELOPMENT_TEAM = 68XNCB6KYT;
				INFOPLIST_FILE = FlikrTests/Info.plist;
				LD_RUNPATH_SEARCH_PATHS = "$(inherited) @executable_path/Frameworks @loader_path/Frameworks";
				PRODUCT_BUNDLE_IDENTIFIER = GarimaDhakal.FlikrTests;
				PRODUCT_NAME = "$(TARGET_NAME)";
				SWIFT_VERSION = 3.0;
				TEST_HOST = "$(BUILT_PRODUCTS_DIR)/Flikr.app/Flikr";
			};
			name = Release;
		};
		BA0DA2C81E01291A00546CE8 /* Debug */ = {
			isa = XCBuildConfiguration;
			buildSettings = {
				ALWAYS_EMBED_SWIFT_STANDARD_LIBRARIES = YES;
				DEVELOPMENT_TEAM = 68XNCB6KYT;
				INFOPLIST_FILE = FlikrUITests/Info.plist;
				LD_RUNPATH_SEARCH_PATHS = "$(inherited) @executable_path/Frameworks @loader_path/Frameworks";
				PRODUCT_BUNDLE_IDENTIFIER = GarimaDhakal.FlikrUITests;
				PRODUCT_NAME = "$(TARGET_NAME)";
				SWIFT_VERSION = 3.0;
				TEST_TARGET_NAME = Flikr;
			};
			name = Debug;
		};
		BA0DA2C91E01291A00546CE8 /* Release */ = {
			isa = XCBuildConfiguration;
			buildSettings = {
				ALWAYS_EMBED_SWIFT_STANDARD_LIBRARIES = YES;
				DEVELOPMENT_TEAM = 68XNCB6KYT;
				INFOPLIST_FILE = FlikrUITests/Info.plist;
				LD_RUNPATH_SEARCH_PATHS = "$(inherited) @executable_path/Frameworks @loader_path/Frameworks";
				PRODUCT_BUNDLE_IDENTIFIER = GarimaDhakal.FlikrUITests;
				PRODUCT_NAME = "$(TARGET_NAME)";
				SWIFT_VERSION = 3.0;
				TEST_TARGET_NAME = Flikr;
			};
			name = Release;
		};
/* End XCBuildConfiguration section */

/* Begin XCConfigurationList section */
		BA0DA2941E01291900546CE8 /* Build configuration list for PBXProject "Flikr" */ = {
			isa = XCConfigurationList;
			buildConfigurations = (
				BA0DA2BF1E01291A00546CE8 /* Debug */,
				BA0DA2C01E01291A00546CE8 /* Release */,
			);
			defaultConfigurationIsVisible = 0;
			defaultConfigurationName = Release;
		};
		BA0DA2C11E01291A00546CE8 /* Build configuration list for PBXNativeTarget "Flikr" */ = {
			isa = XCConfigurationList;
			buildConfigurations = (
				BA0DA2C21E01291A00546CE8 /* Debug */,
				BA0DA2C31E01291A00546CE8 /* Release */,
			);
			defaultConfigurationIsVisible = 0;
		};
		BA0DA2C41E01291A00546CE8 /* Build configuration list for PBXNativeTarget "FlikrTests" */ = {
			isa = XCConfigurationList;
			buildConfigurations = (
				BA0DA2C51E01291A00546CE8 /* Debug */,
				BA0DA2C61E01291A00546CE8 /* Release */,
			);
			defaultConfigurationIsVisible = 0;
		};
		BA0DA2C71E01291A00546CE8 /* Build configuration list for PBXNativeTarget "FlikrUITests" */ = {
			isa = XCConfigurationList;
			buildConfigurations = (
				BA0DA2C81E01291A00546CE8 /* Debug */,
				BA0DA2C91E01291A00546CE8 /* Release */,
			);
			defaultConfigurationIsVisible = 0;
		};
/* End XCConfigurationList section */
	};
	rootObject = BA0DA2911E01291900546CE8 /* Project object */;
}
